
Microsoft Visual Studio Solution File, Format Version 12.00
# Visual Studio Version 16
VisualStudioVersion = 16.0.29519.87
MinimumVisualStudioVersion = 10.0.40219.1
Project("{FAE04EC0-301F-11D3-BF4B-00C04F79EFBC}") = "CSharp8Demo", "CSharp8Demo\CSharp8Demo.csproj", "{64D396DA-88E9-4F07-A199-5D9507CD11C5}"
EndProject
Global
	GlobalSection(SolutionConfigurationPlatforms) = preSolution
		Debug|Any CPU = Debug|Any CPU
		Release|Any CPU = Release|Any CPU
	EndGlobalSection
	GlobalSection(ProjectConfigurationPlatforms) = postSolution
		{64D396DA-88E9-4F07-A199-5D9507CD11C5}.Debug|Any CPU.ActiveCfg = Debug|Any CPU
		{64D396DA-88E9-4F07-A199-5D9507CD11C5}.Debug|Any CPU.Build.0 = Debug|Any CPU
		{64D396DA-88E9-4F07-A199-5D9507CD11C5}.Release|Any CPU.ActiveCfg = Release|Any CPU
		{64D396DA-88E9-4F07-A199-5D9507CD11C5}.Release|Any CPU.Build.0 = Release|Any CPU
	EndGlobalSection
	GlobalSection(SolutionProperties) = preSolution
		HideSolutionNode = FALSE
	EndGlobalSection
	GlobalSection(ExtensibilityGlobals) = postSolution
		SolutionGuid = {74F4305C-6060-4A84-9EEE-04E58B3A2A75}
	EndGlobalSection
EndGlobal
